
Microsoft Visual Studio Solution File, Format Version 12.00
# Visual Studio 2012
Project("{FAE04EC0-301F-11D3-BF4B-00C04F79EFBC}") = "Part2", "Part2\Part2.csproj", "{AFC8C847-6B3C-4CC8-B89E-0DCA9FEB493D}"
EndProject
Global
	GlobalSection(SolutionConfigurationPlatforms) = preSolution
		Debug|Any CPU = Debug|Any CPU
		Release|Any CPU = Release|Any CPU
	EndGlobalSection
	GlobalSection(ProjectConfigurationPlatforms) = postSolution
		{AFC8C847-6B3C-4CC8-B89E-0DCA9FEB493D}.Debug|Any CPU.ActiveCfg = Debug|Any CPU
		{AFC8C847-6B3C-4CC8-B89E-0DCA9FEB493D}.Debug|Any CPU.Build.0 = Debug|Any CPU
		{AFC8C847-6B3C-4CC8-B89E-0DCA9FEB493D}.Release|Any CPU.ActiveCfg = Release|Any CPU
		{AFC8C847-6B3C-4CC8-B89E-0DCA9FEB493D}.Release|Any CPU.Build.0 = Release|Any CPU
	EndGlobalSection
	GlobalSection(SolutionProperties) = preSolution
		HideSolutionNode = FALSE
	EndGlobalSection
EndGlobal
