
Microsoft Visual Studio Solution File, Format Version 12.00
# Visual Studio 14
VisualStudioVersion = 14.0.24720.0
MinimumVisualStudioVersion = 10.0.40219.1
Project("{FAE04EC0-301F-11D3-BF4B-00C04F79EFBC}") = "1.1", "NewbeCode\1.1.csproj", "{996D4421-3E88-4145-9696-C384C1D65027}"
EndProject
Project("{FAE04EC0-301F-11D3-BF4B-00C04F79EFBC}") = "1.2", "2.2\1.2.csproj", "{4C616357-E5EE-42BE-AF0B-C857C42EB76F}"
EndProject
Project("{FAE04EC0-301F-11D3-BF4B-00C04F79EFBC}") = "1.3", "1.3\1.3.csproj", "{936B8FC6-3828-40AE-BEF7-349F4B7BD2AF}"
EndProject
Project("{FAE04EC0-301F-11D3-BF4B-00C04F79EFBC}") = "1.4", "1.4\1.4.csproj", "{34E8EF73-D638-4110-9453-FFAD32E2DC41}"
EndProject
Project("{FAE04EC0-301F-11D3-BF4B-00C04F79EFBC}") = "1.5", "1.5\1.5.csproj", "{0FF1C1D4-9463-449C-B28B-9418497A5948}"
EndProject
Project("{FAE04EC0-301F-11D3-BF4B-00C04F79EFBC}") = "1.6", "1.6\1.6.csproj", "{075C63B9-CCE9-49D0-A7F2-0B26ED6F2AC1}"
EndProject
Project("{FAE04EC0-301F-11D3-BF4B-00C04F79EFBC}") = "1.7", "1.7\1.7.csproj", "{F0016DB3-C468-4B33-913F-D57A365D3210}"
EndProject
Project("{FAE04EC0-301F-11D3-BF4B-00C04F79EFBC}") = "1.8", "1.8\1.8.csproj", "{E5D1DEAA-9C32-48CC-B612-A18413B0E4EF}"
EndProject
Project("{FAE04EC0-301F-11D3-BF4B-00C04F79EFBC}") = "1.9", "1.9\1.9.csproj", "{7B983D13-4E10-4A9C-9EFC-6E4E1CE9CB37}"
EndProject
Project("{FAE04EC0-301F-11D3-BF4B-00C04F79EFBC}") = "2.1", "2.1\2.1.csproj", "{BAF5C76C-0402-4FC1-9539-10A83D38CAD0}"
EndProject
Project("{FAE04EC0-301F-11D3-BF4B-00C04F79EFBC}") = "2.2_", "2.2_\2.2_.csproj", "{D39D9782-3BAD-4C81-9BD0-E15236D0FDB9}"
EndProject
Project("{FAE04EC0-301F-11D3-BF4B-00C04F79EFBC}") = "2.3", "2.3\2.3.csproj", "{CF1141AD-9168-4378-A633-B9C4D571C0DE}"
EndProject
Project("{FAE04EC0-301F-11D3-BF4B-00C04F79EFBC}") = "2.4", "2.4\2.4.csproj", "{AECAD0F3-C2D7-4D8C-8090-FFEA1A2282E1}"
EndProject
Project("{FAE04EC0-301F-11D3-BF4B-00C04F79EFBC}") = "2.5", "2.5\2.5.csproj", "{1237CEB6-CCF6-448D-B3FE-B711D79D4BED}"
EndProject
Project("{FAE04EC0-301F-11D3-BF4B-00C04F79EFBC}") = "2.6", "2.6\2.6.csproj", "{BB4ABD83-FA47-4173-8B95-DAAF8EE9970F}"
EndProject
Project("{FAE04EC0-301F-11D3-BF4B-00C04F79EFBC}") = "2.7", "2.7\2.7.csproj", "{2CC60D3F-7A07-40C5-916B-EEE4306FB717}"
EndProject
Project("{FAE04EC0-301F-11D3-BF4B-00C04F79EFBC}") = "2.8", "2.8\2.8.csproj", "{F76D9162-E075-447F-93F3-EACAC099E8E7}"
EndProject
Global
	GlobalSection(SolutionConfigurationPlatforms) = preSolution
		Debug|Any CPU = Debug|Any CPU
		Release|Any CPU = Release|Any CPU
	EndGlobalSection
	GlobalSection(ProjectConfigurationPlatforms) = postSolution
		{996D4421-3E88-4145-9696-C384C1D65027}.Debug|Any CPU.ActiveCfg = Debug|Any CPU
		{996D4421-3E88-4145-9696-C384C1D65027}.Debug|Any CPU.Build.0 = Debug|Any CPU
		{996D4421-3E88-4145-9696-C384C1D65027}.Release|Any CPU.ActiveCfg = Release|Any CPU
		{996D4421-3E88-4145-9696-C384C1D65027}.Release|Any CPU.Build.0 = Release|Any CPU
		{4C616357-E5EE-42BE-AF0B-C857C42EB76F}.Debug|Any CPU.ActiveCfg = Debug|Any CPU
		{4C616357-E5EE-42BE-AF0B-C857C42EB76F}.Debug|Any CPU.Build.0 = Debug|Any CPU
		{4C616357-E5EE-42BE-AF0B-C857C42EB76F}.Release|Any CPU.ActiveCfg = Release|Any CPU
		{4C616357-E5EE-42BE-AF0B-C857C42EB76F}.Release|Any CPU.Build.0 = Release|Any CPU
		{936B8FC6-3828-40AE-BEF7-349F4B7BD2AF}.Debug|Any CPU.ActiveCfg = Debug|Any CPU
		{936B8FC6-3828-40AE-BEF7-349F4B7BD2AF}.Debug|Any CPU.Build.0 = Debug|Any CPU
		{936B8FC6-3828-40AE-BEF7-349F4B7BD2AF}.Release|Any CPU.ActiveCfg = Release|Any CPU
		{936B8FC6-3828-40AE-BEF7-349F4B7BD2AF}.Release|Any CPU.Build.0 = Release|Any CPU
		{34E8EF73-D638-4110-9453-FFAD32E2DC41}.Debug|Any CPU.ActiveCfg = Debug|Any CPU
		{34E8EF73-D638-4110-9453-FFAD32E2DC41}.Debug|Any CPU.Build.0 = Debug|Any CPU
		{34E8EF73-D638-4110-9453-FFAD32E2DC41}.Release|Any CPU.ActiveCfg = Release|Any CPU
		{34E8EF73-D638-4110-9453-FFAD32E2DC41}.Release|Any CPU.Build.0 = Release|Any CPU
		{0FF1C1D4-9463-449C-B28B-9418497A5948}.Debug|Any CPU.ActiveCfg = Debug|Any CPU
		{0FF1C1D4-9463-449C-B28B-9418497A5948}.Debug|Any CPU.Build.0 = Debug|Any CPU
		{0FF1C1D4-9463-449C-B28B-9418497A5948}.Release|Any CPU.ActiveCfg = Release|Any CPU
		{0FF1C1D4-9463-449C-B28B-9418497A5948}.Release|Any CPU.Build.0 = Release|Any CPU
		{075C63B9-CCE9-49D0-A7F2-0B26ED6F2AC1}.Debug|Any CPU.ActiveCfg = Debug|Any CPU
		{075C63B9-CCE9-49D0-A7F2-0B26ED6F2AC1}.Debug|Any CPU.Build.0 = Debug|Any CPU
		{075C63B9-CCE9-49D0-A7F2-0B26ED6F2AC1}.Release|Any CPU.ActiveCfg = Release|Any CPU
		{075C63B9-CCE9-49D0-A7F2-0B26ED6F2AC1}.Release|Any CPU.Build.0 = Release|Any CPU
		{F0016DB3-C468-4B33-913F-D57A365D3210}.Debug|Any CPU.ActiveCfg = Debug|Any CPU
		{F0016DB3-C468-4B33-913F-D57A365D3210}.Debug|Any CPU.Build.0 = Debug|Any CPU
		{F0016DB3-C468-4B33-913F-D57A365D3210}.Release|Any CPU.ActiveCfg = Release|Any CPU
		{F0016DB3-C468-4B33-913F-D57A365D3210}.Release|Any CPU.Build.0 = Release|Any CPU
		{E5D1DEAA-9C32-48CC-B612-A18413B0E4EF}.Debug|Any CPU.ActiveCfg = Debug|Any CPU
		{E5D1DEAA-9C32-48CC-B612-A18413B0E4EF}.Debug|Any CPU.Build.0 = Debug|Any CPU
		{E5D1DEAA-9C32-48CC-B612-A18413B0E4EF}.Release|Any CPU.ActiveCfg = Release|Any CPU
		{E5D1DEAA-9C32-48CC-B612-A18413B0E4EF}.Release|Any CPU.Build.0 = Release|Any CPU
		{7B983D13-4E10-4A9C-9EFC-6E4E1CE9CB37}.Debug|Any CPU.ActiveCfg = Debug|Any CPU
		{7B983D13-4E10-4A9C-9EFC-6E4E1CE9CB37}.Debug|Any CPU.Build.0 = Debug|Any CPU
		{7B983D13-4E10-4A9C-9EFC-6E4E1CE9CB37}.Release|Any CPU.ActiveCfg = Release|Any CPU
		{7B983D13-4E10-4A9C-9EFC-6E4E1CE9CB37}.Release|Any CPU.Build.0 = Release|Any CPU
		{BAF5C76C-0402-4FC1-9539-10A83D38CAD0}.Debug|Any CPU.ActiveCfg = Debug|Any CPU
		{BAF5C76C-0402-4FC1-9539-10A83D38CAD0}.Debug|Any CPU.Build.0 = Debug|Any CPU
		{BAF5C76C-0402-4FC1-9539-10A83D38CAD0}.Release|Any CPU.ActiveCfg = Release|Any CPU
		{BAF5C76C-0402-4FC1-9539-10A83D38CAD0}.Release|Any CPU.Build.0 = Release|Any CPU
		{D39D9782-3BAD-4C81-9BD0-E15236D0FDB9}.Debug|Any CPU.ActiveCfg = Debug|Any CPU
		{D39D9782-3BAD-4C81-9BD0-E15236D0FDB9}.Debug|Any CPU.Build.0 = Debug|Any CPU
		{D39D9782-3BAD-4C81-9BD0-E15236D0FDB9}.Release|Any CPU.ActiveCfg = Release|Any CPU
		{D39D9782-3BAD-4C81-9BD0-E15236D0FDB9}.Release|Any CPU.Build.0 = Release|Any CPU
		{CF1141AD-9168-4378-A633-B9C4D571C0DE}.Debug|Any CPU.ActiveCfg = Debug|Any CPU
		{CF1141AD-9168-4378-A633-B9C4D571C0DE}.Debug|Any CPU.Build.0 = Debug|Any CPU
		{CF1141AD-9168-4378-A633-B9C4D571C0DE}.Release|Any CPU.ActiveCfg = Release|Any CPU
		{CF1141AD-9168-4378-A633-B9C4D571C0DE}.Release|Any CPU.Build.0 = Release|Any CPU
		{AECAD0F3-C2D7-4D8C-8090-FFEA1A2282E1}.Debug|Any CPU.ActiveCfg = Debug|Any CPU
		{AECAD0F3-C2D7-4D8C-8090-FFEA1A2282E1}.Debug|Any CPU.Build.0 = Debug|Any CPU
		{AECAD0F3-C2D7-4D8C-8090-FFEA1A2282E1}.Release|Any CPU.ActiveCfg = Release|Any CPU
		{AECAD0F3-C2D7-4D8C-8090-FFEA1A2282E1}.Release|Any CPU.Build.0 = Release|Any CPU
		{1237CEB6-CCF6-448D-B3FE-B711D79D4BED}.Debug|Any CPU.ActiveCfg = Debug|Any CPU
		{1237CEB6-CCF6-448D-B3FE-B711D79D4BED}.Debug|Any CPU.Build.0 = Debug|Any CPU
		{1237CEB6-CCF6-448D-B3FE-B711D79D4BED}.Release|Any CPU.ActiveCfg = Release|Any CPU
		{1237CEB6-CCF6-448D-B3FE-B711D79D4BED}.Release|Any CPU.Build.0 = Release|Any CPU
		{BB4ABD83-FA47-4173-8B95-DAAF8EE9970F}.Debug|Any CPU.ActiveCfg = Debug|Any CPU
		{BB4ABD83-FA47-4173-8B95-DAAF8EE9970F}.Debug|Any CPU.Build.0 = Debug|Any CPU
		{BB4ABD83-FA47-4173-8B95-DAAF8EE9970F}.Release|Any CPU.ActiveCfg = Release|Any CPU
		{BB4ABD83-FA47-4173-8B95-DAAF8EE9970F}.Release|Any CPU.Build.0 = Release|Any CPU
		{2CC60D3F-7A07-40C5-916B-EEE4306FB717}.Debug|Any CPU.ActiveCfg = Debug|Any CPU
		{2CC60D3F-7A07-40C5-916B-EEE4306FB717}.Debug|Any CPU.Build.0 = Debug|Any CPU
		{2CC60D3F-7A07-40C5-916B-EEE4306FB717}.Release|Any CPU.ActiveCfg = Release|Any CPU
		{2CC60D3F-7A07-40C5-916B-EEE4306FB717}.Release|Any CPU.Build.0 = Release|Any CPU
		{F76D9162-E075-447F-93F3-EACAC099E8E7}.Debug|Any CPU.ActiveCfg = Debug|Any CPU
		{F76D9162-E075-447F-93F3-EACAC099E8E7}.Debug|Any CPU.Build.0 = Debug|Any CPU
		{F76D9162-E075-447F-93F3-EACAC099E8E7}.Release|Any CPU.ActiveCfg = Release|Any CPU
		{F76D9162-E075-447F-93F3-EACAC099E8E7}.Release|Any CPU.Build.0 = Release|Any CPU
	EndGlobalSection
	GlobalSection(SolutionProperties) = preSolution
		HideSolutionNode = FALSE
	EndGlobalSection
EndGlobal
